
Microsoft Visual Studio Solution File, Format Version 12.00
# Visual Studio Version 17
VisualStudioVersion = 17.14.36717.8
MinimumVisualStudioVersion = 10.0.40219.1
Project("{8BC9CEB8-8B4A-11D0-8D11-00A0C91BC942}") = "hcUtilities", "hcUtilities\hcUtilities.vcxproj", "{1C9C9847-5705-44C7-AF7C-211C941411A9}"
EndProject
Project("{8BC9CEB8-8B4A-11D0-8D11-00A0C91BC942}") = "hcCore", "hcCore\hcCore.vcxproj", "{FEB0E270-A347-437B-ADAC-6A910A8276B1}"
	ProjectSection(ProjectDependencies) = postProject
		{1C9C9847-5705-44C7-AF7C-211C941411A9} = {1C9C9847-5705-44C7-AF7C-211C941411A9}
	EndProjectSection
EndProject
Project("{8BC9CEB8-8B4A-11D0-8D11-00A0C91BC942}") = "hcEditor", "hcEditor\hcEditor.vcxproj", "{9EDA9334-28A1-435C-85F7-19863D40B2F9}"
	ProjectSection(ProjectDependencies) = postProject
		{1C9C9847-5705-44C7-AF7C-211C941411A9} = {1C9C9847-5705-44C7-AF7C-211C941411A9}
		{1DD701DE-F13F-483C-A0FE-BB034D4A953E} = {1DD701DE-F13F-483C-A0FE-BB034D4A953E}
		{4F03D6E5-24C8-4D58-9A25-ABA123FAD908} = {4F03D6E5-24C8-4D58-9A25-ABA123FAD908}
		{76C26B0D-36E6-42A6-B19A-F8B54D7E541D} = {76C26B0D-36E6-42A6-B19A-F8B54D7E541D}
		{FEB0E270-A347-437B-ADAC-6A910A8276B1} = {FEB0E270-A347-437B-ADAC-6A910A8276B1}
	EndProjectSection
EndProject
Project("{8BC9CEB8-8B4A-11D0-8D11-00A0C91BC942}") = "hcGraphicsOpenGL", "hcGraphicsOpenGL\hcGraphicsOpenGL.vcxproj", "{1DD701DE-F13F-483C-A0FE-BB034D4A953E}"
	ProjectSection(ProjectDependencies) = postProject
		{1C9C9847-5705-44C7-AF7C-211C941411A9} = {1C9C9847-5705-44C7-AF7C-211C941411A9}
		{FEB0E270-A347-437B-ADAC-6A910A8276B1} = {FEB0E270-A347-437B-ADAC-6A910A8276B1}
	EndProjectSection
EndProject
Project("{8BC9CEB8-8B4A-11D0-8D11-00A0C91BC942}") = "hcWindowSfml", "hcWindowSfml\hcWindowSfml.vcxproj", "{4F03D6E5-24C8-4D58-9A25-ABA123FAD908}"
	ProjectSection(ProjectDependencies) = postProject
		{1C9C9847-5705-44C7-AF7C-211C941411A9} = {1C9C9847-5705-44C7-AF7C-211C941411A9}
		{FEB0E270-A347-437B-ADAC-6A910A8276B1} = {FEB0E270-A347-437B-ADAC-6A910A8276B1}
	EndProjectSection
EndProject
Project("{8BC9CEB8-8B4A-11D0-8D11-00A0C91BC942}") = "hcAssetLoaders", "hcAssetLoaders\hcAssetLoaders.vcxproj", "{76C26B0D-36E6-42A6-B19A-F8B54D7E541D}"
	ProjectSection(ProjectDependencies) = postProject
		{1C9C9847-5705-44C7-AF7C-211C941411A9} = {1C9C9847-5705-44C7-AF7C-211C941411A9}
		{FEB0E270-A347-437B-ADAC-6A910A8276B1} = {FEB0E270-A347-437B-ADAC-6A910A8276B1}
	EndProjectSection
EndProject
Global
	GlobalSection(SolutionConfigurationPlatforms) = preSolution
		Debug|x64 = Debug|x64
		Debug|x86 = Debug|x86
		Release|x64 = Release|x64
		Release|x86 = Release|x86
	EndGlobalSection
	GlobalSection(ProjectConfigurationPlatforms) = postSolution
		{1C9C9847-5705-44C7-AF7C-211C941411A9}.Debug|x64.ActiveCfg = Debug|x64
		{1C9C9847-5705-44C7-AF7C-211C941411A9}.Debug|x64.Build.0 = Debug|x64
		{1C9C9847-5705-44C7-AF7C-211C941411A9}.Debug|x86.ActiveCfg = Debug|Win32
		{1C9C9847-5705-44C7-AF7C-211C941411A9}.Debug|x86.Build.0 = Debug|Win32
		{1C9C9847-5705-44C7-AF7C-211C941411A9}.Release|x64.ActiveCfg = Release|x64
		{1C9C9847-5705-44C7-AF7C-211C941411A9}.Release|x64.Build.0 = Release|x64
		{1C9C9847-5705-44C7-AF7C-211C941411A9}.Release|x86.ActiveCfg = Release|Win32
		{1C9C9847-5705-44C7-AF7C-211C941411A9}.Release|x86.Build.0 = Release|Win32
		{FEB0E270-A347-437B-ADAC-6A910A8276B1}.Debug|x64.ActiveCfg = Debug|x64
		{FEB0E270-A347-437B-ADAC-6A910A8276B1}.Debug|x64.Build.0 = Debug|x64
		{FEB0E270-A347-437B-ADAC-6A910A8276B1}.Debug|x86.ActiveCfg = Debug|Win32
		{FEB0E270-A347-437B-ADAC-6A910A8276B1}.Debug|x86.Build.0 = Debug|Win32
		{FEB0E270-A347-437B-ADAC-6A910A8276B1}.Release|x64.ActiveCfg = Release|x64
		{FEB0E270-A347-437B-ADAC-6A910A8276B1}.Release|x64.Build.0 = Release|x64
		{FEB0E270-A347-437B-ADAC-6A910A8276B1}.Release|x86.ActiveCfg = Release|Win32
		{FEB0E270-A347-437B-ADAC-6A910A8276B1}.Release|x86.Build.0 = Release|Win32
		{9EDA9334-28A1-435C-85F7-19863D40B2F9}.Debug|x64.ActiveCfg = Debug|x64
		{9EDA9334-28A1-435C-85F7-19863D40B2F9}.Debug|x64.Build.0 = Debug|x64
		{9EDA9334-28A1-435C-85F7-19863D40B2F9}.Debug|x86.ActiveCfg = Debug|Win32
		{9EDA9334-28A1-435C-85F7-19863D40B2F9}.Debug|x86.Build.0 = Debug|Win32
		{9EDA9334-28A1-435C-85F7-19863D40B2F9}.Release|x64.ActiveCfg = Release|x64
		{9EDA9334-28A1-435C-85F7-19863D40B2F9}.Release|x64.Build.0 = Release|x64
		{9EDA9334-28A1-435C-85F7-19863D40B2F9}.Release|x86.ActiveCfg = Release|Win32
		{9EDA9334-28A1-435C-85F7-19863D40B2F9}.Release|x86.Build.0 = Release|Win32
		{1DD701DE-F13F-483C-A0FE-BB034D4A953E}.Debug|x64.ActiveCfg = Debug|x64
		{1DD701DE-F13F-483C-A0FE-BB034D4A953E}.Debug|x64.Build.0 = Debug|x64
		{1DD701DE-F13F-483C-A0FE-BB034D4A953E}.Debug|x86.ActiveCfg = Debug|Win32
		{1DD701DE-F13F-483C-A0FE-BB034D4A953E}.Debug|x86.Build.0 = Debug|Win32
		{1DD701DE-F13F-483C-A0FE-BB034D4A953E}.Release|x64.ActiveCfg = Release|x64
		{1DD701DE-F13F-483C-A0FE-BB034D4A953E}.Release|x64.Build.0 = Release|x64
		{1DD701DE-F13F-483C-A0FE-BB034D4A953E}.Release|x86.ActiveCfg = Release|Win32
		{1DD701DE-F13F-483C-A0FE-BB034D4A953E}.Release|x86.Build.0 = Release|Win32
		{4F03D6E5-24C8-4D58-9A25-ABA123FAD908}.Debug|x64.ActiveCfg = Debug|x64
		{4F03D6E5-24C8-4D58-9A25-ABA123FAD908}.Debug|x64.Build.0 = Debug|x64
		{4F03D6E5-24C8-4D58-9A25-ABA123FAD908}.Debug|x86.ActiveCfg = Debug|Win32
		{4F03D6E5-24C8-4D58-9A25-ABA123FAD908}.Debug|x86.Build.0 = Debug|Win32
		{4F03D6E5-24C8-4D58-9A25-ABA123FAD908}.Release|x64.ActiveCfg = Release|x64
		{4F03D6E5-24C8-4D58-9A25-ABA123FAD908}.Release|x64.Build.0 = Release|x64
		{4F03D6E5-24C8-4D58-9A25-ABA123FAD908}.Release|x86.ActiveCfg = Release|Win32
		{4F03D6E5-24C8-4D58-9A25-ABA123FAD908}.Release|x86.Build.0 = Release|Win32
		{76C26B0D-36E6-42A6-B19A-F8B54D7E541D}.Debug|x64.ActiveCfg = Debug|x64
		{76C26B0D-36E6-42A6-B19A-F8B54D7E541D}.Debug|x64.Build.0 = Debug|x64
		{76C26B0D-36E6-42A6-B19A-F8B54D7E541D}.Debug|x86.ActiveCfg = Debug|Win32
		{76C26B0D-36E6-42A6-B19A-F8B54D7E541D}.Debug|x86.Build.0 = Debug|Win32
		{76C26B0D-36E6-42A6-B19A-F8B54D7E541D}.Release|x64.ActiveCfg = Release|x64
		{76C26B0D-36E6-42A6-B19A-F8B54D7E541D}.Release|x64.Build.0 = Release|x64
		{76C26B0D-36E6-42A6-B19A-F8B54D7E541D}.Release|x86.ActiveCfg = Release|Win32
		{76C26B0D-36E6-42A6-B19A-F8B54D7E541D}.Release|x86.Build.0 = Release|Win32
	EndGlobalSection
	GlobalSection(SolutionProperties) = preSolution
		HideSolutionNode = FALSE
	EndGlobalSection
	GlobalSection(ExtensibilityGlobals) = postSolution
		SolutionGuid = {6F46C0D2-407D-4006-934D-D1C7AB8500A0}
	EndGlobalSection
EndGlobal
