<?xml version="1.0" encoding="utf-8"?>
<Project ToolsVersion="4.0" xmlns="http://schemas.microsoft.com/developer/msbuild/2003">
  <ItemGroup>
    <Filter Include="Source Files">
      <UniqueIdentifier>{4FC737F1-C7A5-4376-A066-2A32D752A2FF}</UniqueIdentifier>
      <Extensions>cpp;c;cc;cxx;c++;cppm;ixx;def;odl;idl;hpj;bat;asm;asmx</Extensions>
    </Filter>
    <Filter Include="Header Files">
      <UniqueIdentifier>{93995380-89BD-4b04-88EB-625FBE52EBFB}</UniqueIdentifier>
      <Extensions>h;hh;hpp;hxx;h++;hm;inl;inc;ipp;xsd</Extensions>
    </Filter>
    <Filter Include="Resource Files">
      <UniqueIdentifier>{67DA6AB6-F800-4c08-8B7A-83BB121AAD01}</UniqueIdentifier>
      <Extensions>rc;ico;cur;bmp;dlg;rc2;rct;bin;rgs;gif;jpg;jpeg;jpe;resx;tiff;tif;png;wav;mfcribbon-ms</Extensions>
    </Filter>
    <Filter Include="Header Files\imgui">
      <UniqueIdentifier>{cd159203-d4b2-425b-a91f-954b24259688}</UniqueIdentifier>
    </Filter>
    <Filter Include="Source Files\imgui">
      <UniqueIdentifier>{e4760635-5f13-4fbd-8741-ae30400b6907}</UniqueIdentifier>
    </Filter>
    <Filter Include="Header Files\views">
      <UniqueIdentifier>{e4b235d5-2b3c-4c61-920b-bba36757fe6f}</UniqueIdentifier>
    </Filter>
    <Filter Include="Source Files\views">
      <UniqueIdentifier>{61bdd702-20d4-4025-ab46-ea11f536c04e}</UniqueIdentifier>
    </Filter>
    <Filter Include="Header Files\views\windows">
      <UniqueIdentifier>{fa318d51-6339-492b-a504-d58846a9ce8a}</UniqueIdentifier>
    </Filter>
    <Filter Include="Source Files\views\windows">
      <UniqueIdentifier>{f6df8383-c4a7-4883-8051-21d4797f91d9}</UniqueIdentifier>
    </Filter>
    <Filter Include="Header Files\logger">
      <UniqueIdentifier>{1ff7cc39-2f40-4fa8-af7b-5286eaad200f}</UniqueIdentifier>
    </Filter>
    <Filter Include="Source Files\logger">
      <UniqueIdentifier>{abcb4c6b-81c9-437b-9b95-fec357ec1802}</UniqueIdentifier>
    </Filter>
    <Filter Include="Header Files\configuration">
      <UniqueIdentifier>{417f0e3c-3835-49bd-b9f9-0ff1c0d2208d}</UniqueIdentifier>
    </Filter>
    <Filter Include="Header Files\utilities">
      <UniqueIdentifier>{eae68a9a-a5cd-40c8-a50a-7453d3c2b694}</UniqueIdentifier>
    </Filter>
    <Filter Include="Source Files\utilities">
      <UniqueIdentifier>{ee49daca-de28-4e83-9f3b-fe02e3d8908d}</UniqueIdentifier>
    </Filter>
    <Filter Include="Source Files\services">
      <UniqueIdentifier>{b12310e8-d6fa-4d00-867f-a55dad192f78}</UniqueIdentifier>
    </Filter>
    <Filter Include="Header Files\dependencyContainer">
      <UniqueIdentifier>{98ee2239-54e3-40f2-99ed-a830a88e643e}</UniqueIdentifier>
    </Filter>
    <Filter Include="Source Files\dependencyContainer">
      <UniqueIdentifier>{c830fdea-a0a2-4351-9faf-05b3e285e5f4}</UniqueIdentifier>
    </Filter>
    <Filter Include="Header Files\services">
      <UniqueIdentifier>{5ff1163b-6935-42e3-ab05-68827420e404}</UniqueIdentifier>
    </Filter>
    <Filter Include="Header Files\project">
      <UniqueIdentifier>{50969101-a828-4063-9023-6e4d492a9348}</UniqueIdentifier>
    </Filter>
    <Filter Include="Source Files\project">
      <UniqueIdentifier>{5ffe1bee-7652-4166-aef7-cd2b55789594}</UniqueIdentifier>
    </Filter>
    <Filter Include="Header Files\imguiFileDialog">
      <UniqueIdentifier>{2bd77174-9cfe-449f-b118-0951450a22c4}</UniqueIdentifier>
    </Filter>
    <Filter Include="Source Files\imguiFileDialog">
      <UniqueIdentifier>{d4facd98-5b01-424d-82b3-05fabba5a4fb}</UniqueIdentifier>
    </Filter>
    <Filter Include="Header Files\project\loader">
      <UniqueIdentifier>{079ba831-a0d0-498b-bc1a-ca86ef23fddb}</UniqueIdentifier>
    </Filter>
    <Filter Include="Source Files\project\loader">
      <UniqueIdentifier>{3ee3c9d5-01f9-49e2-bb06-619f07d1a0a9}</UniqueIdentifier>
    </Filter>
    <Filter Include="Source Files\views\windows\projectBrowser">
      <UniqueIdentifier>{f9c982e7-cd01-40e9-9f38-fbfee722c712}</UniqueIdentifier>
    </Filter>
    <Filter Include="Header Files\views\windows\projectBrowser">
      <UniqueIdentifier>{6a67e190-053f-4692-8cb1-b383551c0dd3}</UniqueIdentifier>
    </Filter>
  </ItemGroup>
  <ItemGroup>
    <ClInclude Include="include\hc\editor\hcHotCoffeeEditor.h">
      <Filter>Header Files</Filter>
    </ClInclude>
    <ClInclude Include="include\hc\editor\hcEditorInterfaceManager.h">
      <Filter>Header Files</Filter>
    </ClInclude>
    <ClInclude Include="include\imconfig.h">
      <Filter>Header Files\imgui</Filter>
    </ClInclude>
    <ClInclude Include="include\imgui.h">
      <Filter>Header Files\imgui</Filter>
    </ClInclude>
    <ClInclude Include="include\imgui_internal.h">
      <Filter>Header Files\imgui</Filter>
    </ClInclude>
    <ClInclude Include="include\imstb_rectpack.h">
      <Filter>Header Files\imgui</Filter>
    </ClInclude>
    <ClInclude Include="include\imstb_textedit.h">
      <Filter>Header Files\imgui</Filter>
    </ClInclude>
    <ClInclude Include="include\imstb_truetype.h">
      <Filter>Header Files\imgui</Filter>
    </ClInclude>
    <ClInclude Include="include\imgui_impl_opengl3.h">
      <Filter>Header Files\imgui</Filter>
    </ClInclude>
    <ClInclude Include="include\imgui_impl_win32.h">
      <Filter>Header Files\imgui</Filter>
    </ClInclude>
    <ClInclude Include="include\imgui_impl_opengl3_loader.h">
      <Filter>Header Files\imgui</Filter>
    </ClInclude>
    <ClInclude Include="include\hc\editor\hcHotCoffeeToImguiMappings.h">
      <Filter>Header Files\imgui</Filter>
    </ClInclude>
    <ClInclude Include="include\hc\editor\hcImguiHandler.h">
      <Filter>Header Files\imgui</Filter>
    </ClInclude>
    <ClInclude Include="include\hc\editor\hcIView.h">
      <Filter>Header Files\views</Filter>
    </ClInclude>
    <ClInclude Include="include\hc\editor\hcAWindowView.h">
      <Filter>Header Files\views\windows</Filter>
    </ClInclude>
    <ClInclude Include="include\hc\editor\hcPluginManagerWindow.h">
      <Filter>Header Files\views\windows</Filter>
    </ClInclude>
    <ClInclude Include="include\hc\editor\hcEditorLogger.h">
      <Filter>Header Files\logger</Filter>
    </ClInclude>
    <ClInclude Include="include\hc\editor\hcEditorLoggerEntry.h">
      <Filter>Header Files\logger</Filter>
    </ClInclude>
    <ClInclude Include="include\hc\editor\hcEditorLoggerEntryType.h">
      <Filter>Header Files\logger</Filter>
    </ClInclude>
    <ClInclude Include="include\hc\editor\hcEditorLoggerWindow.h">
      <Filter>Header Files\views\windows</Filter>
    </ClInclude>
    <ClInclude Include="include\hc\editor\hcEditorPrerequisites.h">
      <Filter>Header Files\configuration</Filter>
    </ClInclude>
    <ClInclude Include="include\hc\editor\hcHotCoffeeEngineSettingsFactory.h">
      <Filter>Header Files\utilities</Filter>
    </ClInclude>
    <ClInclude Include="include\hc\editor\hcSceneGraphWindow.h">
      <Filter>Header Files\views\windows</Filter>
    </ClInclude>
    <ClInclude Include="include\hc\editor\hcIGameObjectSelectionServiceListener.h">
      <Filter>Header Files\services</Filter>
    </ClInclude>
    <ClInclude Include="include\hc\editor\hcGameObjectSelectionService.h">
      <Filter>Header Files\services</Filter>
    </ClInclude>
    <ClInclude Include="include\hc\editor\hcEditorDependenciesRegister.h">
      <Filter>Header Files\dependencyContainer</Filter>
    </ClInclude>
    <ClInclude Include="include\hc\editor\hcEditorViewsManager.h">
      <Filter>Header Files\views</Filter>
    </ClInclude>
    <ClInclude Include="include\hc\editor\hcMainMenuToolbar.h">
      <Filter>Header Files\views</Filter>
    </ClInclude>
    <ClInclude Include="include\hc\editor\hcProjectConfiguration.h">
      <Filter>Header Files\project</Filter>
    </ClInclude>
    <ClInclude Include="include\hc\editor\hcProjectFileContent.h">
      <Filter>Header Files\project</Filter>
    </ClInclude>
    <ClInclude Include="include\hc\editor\hcProject.h">
      <Filter>Header Files\project</Filter>
    </ClInclude>
    <ClInclude Include="include\hc\editor\hcProjectManager.h">
      <Filter>Header Files\project</Filter>
    </ClInclude>
    <ClInclude Include="include\ImGuiFileDialog.h">
      <Filter>Header Files\imguiFileDialog</Filter>
    </ClInclude>
    <ClInclude Include="include\ImGuiFileDialogConfig.h">
      <Filter>Header Files\imguiFileDialog</Filter>
    </ClInclude>
    <ClInclude Include="include\hc\editor\hcProjectFileContentLoader.h">
      <Filter>Header Files\project\loader</Filter>
    </ClInclude>
    <ClInclude Include="include\hc\editor\hcIProjectManagerListener.h">
      <Filter>Header Files\project</Filter>
    </ClInclude>
    <ClInclude Include="include\hc\editor\hcDirectoryNavigator.h">
      <Filter>Header Files\views\windows\projectBrowser</Filter>
    </ClInclude>
    <ClInclude Include="include\hc\editor\hcDirectoryReference.h">
      <Filter>Header Files\views\windows\projectBrowser</Filter>
    </ClInclude>
    <ClInclude Include="include\hc\editor\hcFileReference.h">
      <Filter>Header Files\views\windows\projectBrowser</Filter>
    </ClInclude>
    <ClInclude Include="include\hc\editor\hcProjectBrowserWindow.h">
      <Filter>Header Files\views\windows\projectBrowser</Filter>
    </ClInclude>
  </ItemGroup>
  <ItemGroup>
    <ClCompile Include="src\hcHotCoffeeEditor.cpp">
      <Filter>Source Files</Filter>
    </ClCompile>
    <ClCompile Include="src\hcMain.cpp">
      <Filter>Source Files</Filter>
    </ClCompile>
    <ClCompile Include="src\imgui.cpp">
      <Filter>Source Files\imgui</Filter>
    </ClCompile>
    <ClCompile Include="src\imgui_demo.cpp">
      <Filter>Source Files\imgui</Filter>
    </ClCompile>
    <ClCompile Include="src\imgui_draw.cpp">
      <Filter>Source Files\imgui</Filter>
    </ClCompile>
    <ClCompile Include="src\imgui_tables.cpp">
      <Filter>Source Files\imgui</Filter>
    </ClCompile>
    <ClCompile Include="src\imgui_widgets.cpp">
      <Filter>Source Files\imgui</Filter>
    </ClCompile>
    <ClCompile Include="src\imgui_impl_opengl3.cpp">
      <Filter>Source Files\imgui</Filter>
    </ClCompile>
    <ClCompile Include="src\imgui_impl_win32.cpp">
      <Filter>Source Files\imgui</Filter>
    </ClCompile>
    <ClCompile Include="src\hcHotCoffeeToImguiMappings.cpp">
      <Filter>Source Files\imgui</Filter>
    </ClCompile>
    <ClCompile Include="src\hcImguiHandler.cpp">
      <Filter>Source Files\imgui</Filter>
    </ClCompile>
    <ClCompile Include="src\hcAWindowView.cpp">
      <Filter>Source Files\views\windows</Filter>
    </ClCompile>
    <ClCompile Include="src\hcMainMenuToolbar.cpp">
      <Filter>Source Files\views</Filter>
    </ClCompile>
    <ClCompile Include="src\hcPluginManagerWindow.cpp">
      <Filter>Source Files\views\windows</Filter>
    </ClCompile>
    <ClCompile Include="src\hcEditorLogger.cpp">
      <Filter>Source Files\logger</Filter>
    </ClCompile>
    <ClCompile Include="src\hcEditorLoggerWindow.cpp">
      <Filter>Source Files\views\windows</Filter>
    </ClCompile>
    <ClCompile Include="src\hcHotCoffeeEngineSettingsFactory.cpp">
      <Filter>Source Files\utilities</Filter>
    </ClCompile>
    <ClCompile Include="src\hcSceneGraphWindow.cpp">
      <Filter>Source Files\views\windows</Filter>
    </ClCompile>
    <ClCompile Include="src\hcGameObjectSelectionService.cpp">
      <Filter>Source Files\services</Filter>
    </ClCompile>
    <ClCompile Include="src\hcEditorDependenciesRegister.cpp">
      <Filter>Source Files\dependencyContainer</Filter>
    </ClCompile>
    <ClCompile Include="src\hcEditorViewsManager.cpp">
      <Filter>Source Files\views</Filter>
    </ClCompile>
    <ClCompile Include="src\hcProject.cpp">
      <Filter>Source Files\project</Filter>
    </ClCompile>
    <ClCompile Include="src\hcProjectManager.cpp">
      <Filter>Source Files\project</Filter>
    </ClCompile>
    <ClCompile Include="src\ImGuiFileDialog.cpp">
      <Filter>Source Files\imguiFileDialog</Filter>
    </ClCompile>
    <ClCompile Include="src\hcProjectFileContentLoader.cpp">
      <Filter>Source Files\project\loader</Filter>
    </ClCompile>
    <ClCompile Include="src\hcDirectoryReference.cpp">
      <Filter>Source Files\views\windows\projectBrowser</Filter>
    </ClCompile>
    <ClCompile Include="src\hcFileReference.cpp">
      <Filter>Source Files\views\windows\projectBrowser</Filter>
    </ClCompile>
    <ClCompile Include="src\hcDirectoryNavigator.cpp">
      <Filter>Source Files\views\windows\projectBrowser</Filter>
    </ClCompile>
    <ClCompile Include="src\hcProjectBrowserWindow.cpp">
      <Filter>Source Files\views\windows\projectBrowser</Filter>
    </ClCompile>
  </ItemGroup>
</Project>