<?xml version="1.0" encoding="utf-8"?>
<Project ToolsVersion="4.0" xmlns="http://schemas.microsoft.com/developer/msbuild/2003">
  <ItemGroup>
    <Filter Include="Source Files">
      <UniqueIdentifier>{4FC737F1-C7A5-4376-A066-2A32D752A2FF}</UniqueIdentifier>
      <Extensions>cpp;c;cc;cxx;c++;cppm;ixx;def;odl;idl;hpj;bat;asm;asmx</Extensions>
    </Filter>
    <Filter Include="Header Files">
      <UniqueIdentifier>{93995380-89BD-4b04-88EB-625FBE52EBFB}</UniqueIdentifier>
      <Extensions>h;hh;hpp;hxx;h++;hm;inl;inc;ipp;xsd</Extensions>
    </Filter>
    <Filter Include="Resource Files">
      <UniqueIdentifier>{67DA6AB6-F800-4c08-8B7A-83BB121AAD01}</UniqueIdentifier>
      <Extensions>rc;ico;cur;bmp;dlg;rc2;rct;bin;rgs;gif;jpg;jpeg;jpe;resx;tiff;tif;png;wav;mfcribbon-ms</Extensions>
    </Filter>
    <Filter Include="Header Files\configuration">
      <UniqueIdentifier>{dec60aef-611b-4a55-9237-d3c51a163628}</UniqueIdentifier>
    </Filter>
    <Filter Include="Header Files\dependencyContainer">
      <UniqueIdentifier>{2d503e28-5cb2-4168-bd0e-190dd3dc6ade}</UniqueIdentifier>
    </Filter>
    <Filter Include="Header Files\logger">
      <UniqueIdentifier>{9485f91a-3f15-4171-9c77-980852689b33}</UniqueIdentifier>
    </Filter>
    <Filter Include="Source Files\logger">
      <UniqueIdentifier>{6f2f715c-78fa-41b7-a997-f052289e388a}</UniqueIdentifier>
    </Filter>
    <Filter Include="Header Files\jsonBuilder">
      <UniqueIdentifier>{c665a31a-4be5-4fec-8f1a-67f22748443d}</UniqueIdentifier>
    </Filter>
    <Filter Include="Source Files\jsonBuilder">
      <UniqueIdentifier>{ab8cce09-f319-47e8-9c49-ed606f38e427}</UniqueIdentifier>
    </Filter>
  </ItemGroup>
  <ItemGroup>
    <ClInclude Include="include\HC\hcVector2.h">
      <Filter>Header Files</Filter>
    </ClInclude>
    <ClInclude Include="include\HC\hcPlatformConfiguration.h">
      <Filter>Header Files\configuration</Filter>
    </ClInclude>
    <ClInclude Include="include\HC\hcUtilitiesLibraryConfiguration.h">
      <Filter>Header Files\configuration</Filter>
    </ClInclude>
    <ClInclude Include="include\HC\hcTypeAliases.h">
      <Filter>Header Files\configuration</Filter>
    </ClInclude>
    <ClInclude Include="include\HC\hcUtilitiesPrerequisites.h">
      <Filter>Header Files\configuration</Filter>
    </ClInclude>
    <ClInclude Include="include\hc\hcVector3.h">
      <Filter>Header Files</Filter>
    </ClInclude>
    <ClInclude Include="include\hc\hcRect.h">
      <Filter>Header Files</Filter>
    </ClInclude>
    <ClInclude Include="include\hc\hcMatrix2.h">
      <Filter>Header Files</Filter>
    </ClInclude>
    <ClInclude Include="include\hc\hcMatrix3.h">
      <Filter>Header Files</Filter>
    </ClInclude>
    <ClInclude Include="include\hc\hcVector4.h">
      <Filter>Header Files</Filter>
    </ClInclude>
    <ClInclude Include="include\hc\hcMatrix4.h">
      <Filter>Header Files</Filter>
    </ClInclude>
    <ClInclude Include="include\hc\hcColor.h">
      <Filter>Header Files</Filter>
    </ClInclude>
    <ClInclude Include="include\hc\hcExceptionsAliases.h">
      <Filter>Header Files\configuration</Filter>
    </ClInclude>
    <ClInclude Include="include\hc\hcString.h">
      <Filter>Header Files</Filter>
    </ClInclude>
    <ClInclude Include="include\hc\hcNonCopyable.h">
      <Filter>Header Files</Filter>
    </ClInclude>
    <ClInclude Include="include\hc\hcDependencyContainer.h">
      <Filter>Header Files\dependencyContainer</Filter>
    </ClInclude>
    <ClInclude Include="include\hc\hcIDependencyResolvable.h">
      <Filter>Header Files\dependencyContainer</Filter>
    </ClInclude>
    <ClInclude Include="include\hc\hcLogService.h">
      <Filter>Header Files\logger</Filter>
    </ClInclude>
    <ClInclude Include="include\hc\hcILogServiceListener.h">
      <Filter>Header Files\logger</Filter>
    </ClInclude>
    <ClInclude Include="include\hc\hcTransform.h">
      <Filter>Header Files</Filter>
    </ClInclude>
    <ClInclude Include="include\hc\hcAngle.h">
      <Filter>Header Files</Filter>
    </ClInclude>
    <ClInclude Include="include\hc\hcMath.h">
      <Filter>Header Files</Filter>
    </ClInclude>
    <ClInclude Include="include\hc\hcJson.h">
      <Filter>Header Files</Filter>
    </ClInclude>
    <ClInclude Include="include\hc\hcBuffer.h">
      <Filter>Header Files</Filter>
    </ClInclude>
    <ClInclude Include="include\hc\hcJsonParsers.h">
      <Filter>Header Files</Filter>
    </ClInclude>
    <ClInclude Include="include\hc\hcJsonObjectBuilder.h">
      <Filter>Header Files\jsonBuilder</Filter>
    </ClInclude>
    <ClInclude Include="include\hc\hcIJsonProperty.h">
      <Filter>Header Files\jsonBuilder</Filter>
    </ClInclude>
    <ClInclude Include="include\hc\hcJsonArrayBuilder.h">
      <Filter>Header Files\jsonBuilder</Filter>
    </ClInclude>
    <ClInclude Include="include\hc\hcJsonFromattedValue.h">
      <Filter>Header Files\jsonBuilder</Filter>
    </ClInclude>
    <ClInclude Include="include\hc\hcFileIO.h">
      <Filter>Header Files</Filter>
    </ClInclude>
  </ItemGroup>
  <ItemGroup>
    <ClCompile Include="src\hcLogService.cpp">
      <Filter>Source Files\logger</Filter>
    </ClCompile>
    <ClCompile Include="src\hcTransform.cpp">
      <Filter>Source Files</Filter>
    </ClCompile>
    <ClCompile Include="src\hcJson.cpp">
      <Filter>Source Files</Filter>
    </ClCompile>
    <ClCompile Include="src\hcJsonParsers.cpp">
      <Filter>Source Files</Filter>
    </ClCompile>
    <ClCompile Include="src\hcJsonArrayBuilder.cpp">
      <Filter>Source Files\jsonBuilder</Filter>
    </ClCompile>
    <ClCompile Include="src\hcJsonObjectBuilder.cpp">
      <Filter>Source Files\jsonBuilder</Filter>
    </ClCompile>
    <ClCompile Include="src\hcJsonFormattedValue.cpp">
      <Filter>Source Files\jsonBuilder</Filter>
    </ClCompile>
    <ClCompile Include="src\hcFileIO.cpp">
      <Filter>Source Files</Filter>
    </ClCompile>
  </ItemGroup>
</Project>