<?xml version="1.0" encoding="utf-8"?>
<Project ToolsVersion="4.0" xmlns="http://schemas.microsoft.com/developer/msbuild/2003">
  <ItemGroup>
    <Filter Include="Source Files">
      <UniqueIdentifier>{4FC737F1-C7A5-4376-A066-2A32D752A2FF}</UniqueIdentifier>
      <Extensions>cpp;c;cc;cxx;c++;cppm;ixx;def;odl;idl;hpj;bat;asm;asmx</Extensions>
    </Filter>
    <Filter Include="Header Files">
      <UniqueIdentifier>{93995380-89BD-4b04-88EB-625FBE52EBFB}</UniqueIdentifier>
      <Extensions>h;hh;hpp;hxx;h++;hm;inl;inc;ipp;xsd</Extensions>
    </Filter>
    <Filter Include="Resource Files">
      <UniqueIdentifier>{67DA6AB6-F800-4c08-8B7A-83BB121AAD01}</UniqueIdentifier>
      <Extensions>rc;ico;cur;bmp;dlg;rc2;rct;bin;rgs;gif;jpg;jpeg;jpe;resx;tiff;tif;png;wav;mfcribbon-ms</Extensions>
    </Filter>
    <Filter Include="Header Files\configuration">
      <UniqueIdentifier>{21556124-6db5-489e-937e-65f555c8a584}</UniqueIdentifier>
    </Filter>
    <Filter Include="Header Files\graphicResources">
      <UniqueIdentifier>{76c8c01e-c4d3-40a0-89f7-2af74f2b763b}</UniqueIdentifier>
    </Filter>
    <Filter Include="Header Files\graphicResources\mesh">
      <UniqueIdentifier>{55a7ee8d-21cf-4ad4-ac7e-48df01148f21}</UniqueIdentifier>
    </Filter>
    <Filter Include="Header Files\graphicResources\shaderProgram">
      <UniqueIdentifier>{a82258fa-4d71-4531-9b03-5603836f2f7f}</UniqueIdentifier>
    </Filter>
    <Filter Include="Header Files\graphicResources\shader">
      <UniqueIdentifier>{588db614-1b8f-4b80-84f6-a86eba6b0b03}</UniqueIdentifier>
    </Filter>
    <Filter Include="Header Files\graphicResources\texture">
      <UniqueIdentifier>{906533f5-799b-4307-ae4e-3c9ffcffb2fa}</UniqueIdentifier>
    </Filter>
    <Filter Include="Source Files\graphicResources">
      <UniqueIdentifier>{bbfd6d5f-a7d3-4c89-8484-71fb7cc69034}</UniqueIdentifier>
    </Filter>
    <Filter Include="Source Files\graphicResources\mesh">
      <UniqueIdentifier>{f73ca583-c92a-465a-abf7-df6bcd4c5c48}</UniqueIdentifier>
    </Filter>
    <Filter Include="Source Files\graphicResources\texture">
      <UniqueIdentifier>{7ccb00a3-30f8-435a-ab26-59d9c1a5baf2}</UniqueIdentifier>
    </Filter>
    <Filter Include="Source Files\graphicResources\shader">
      <UniqueIdentifier>{f1af4d61-bfd7-478c-8b0f-c77320d79302}</UniqueIdentifier>
    </Filter>
    <Filter Include="Source Files\graphicResources\shaderProgram">
      <UniqueIdentifier>{1aae96c6-0836-4629-ae2c-338241c0a593}</UniqueIdentifier>
    </Filter>
  </ItemGroup>
  <ItemGroup>
    <ClInclude Include="include\hc\hcOpenGlGraphicsManager.h">
      <Filter>Header Files</Filter>
    </ClInclude>
    <ClInclude Include="include\hc\hcGraphicsOpenGlLibraryConfiguration.h">
      <Filter>Header Files\configuration</Filter>
    </ClInclude>
    <ClInclude Include="include\hc\hcGraphicsOpenGlPrerequisites.h">
      <Filter>Header Files\configuration</Filter>
    </ClInclude>
    <ClInclude Include="include\hc\hcOpenGlGraphicsPlugin.h">
      <Filter>Header Files</Filter>
    </ClInclude>
    <ClInclude Include="include\hc\hcOpenGlGraphicsUtilitites.h">
      <Filter>Header Files</Filter>
    </ClInclude>
    <ClInclude Include="include\hc\hcOpenGlMesh.h">
      <Filter>Header Files\graphicResources\mesh</Filter>
    </ClInclude>
    <ClInclude Include="include\hc\hcOpenGlMeshFactory.h">
      <Filter>Header Files\graphicResources\mesh</Filter>
    </ClInclude>
    <ClInclude Include="include\hc\hcOpenGlShaderProgramFactory.h">
      <Filter>Header Files\graphicResources\shaderProgram</Filter>
    </ClInclude>
    <ClInclude Include="include\hc\hcOpenGlShaderProgram.h">
      <Filter>Header Files\graphicResources\shaderProgram</Filter>
    </ClInclude>
    <ClInclude Include="include\hc\hcOpenGlShaderFactory.h">
      <Filter>Header Files\graphicResources\shader</Filter>
    </ClInclude>
    <ClInclude Include="include\hc\hcOpenGlShader.h">
      <Filter>Header Files\graphicResources\shader</Filter>
    </ClInclude>
    <ClInclude Include="include\hc\hcOpenGlTextureFactory.h">
      <Filter>Header Files\graphicResources\texture</Filter>
    </ClInclude>
    <ClInclude Include="include\hc\hcOpenGlTexture.h">
      <Filter>Header Files\graphicResources\texture</Filter>
    </ClInclude>
    <ClInclude Include="include\hc\hcBuiltInShaders.h">
      <Filter>Header Files\graphicResources\shader</Filter>
    </ClInclude>
  </ItemGroup>
  <ItemGroup>
    <ClCompile Include="src\hcOpenGlGraphicsManager.cpp">
      <Filter>Source Files</Filter>
    </ClCompile>
    <ClCompile Include="src\hcOpenGlGraphicsPlugin.cpp">
      <Filter>Source Files</Filter>
    </ClCompile>
    <ClCompile Include="src\hcOpenGlGraphicsUtilities.cpp">
      <Filter>Source Files</Filter>
    </ClCompile>
    <ClCompile Include="src\hcOpenGlMesh.cpp">
      <Filter>Source Files\graphicResources\mesh</Filter>
    </ClCompile>
    <ClCompile Include="src\hcOpenGlShader.cpp">
      <Filter>Source Files\graphicResources\shader</Filter>
    </ClCompile>
    <ClCompile Include="src\hcOpenGlTexture.cpp">
      <Filter>Source Files\graphicResources\texture</Filter>
    </ClCompile>
    <ClCompile Include="src\hcOpenGlShaderProgram.cpp">
      <Filter>Source Files\graphicResources\shaderProgram</Filter>
    </ClCompile>
    <ClCompile Include="src\hcOpenGlMeshFactory.cpp">
      <Filter>Source Files\graphicResources\mesh</Filter>
    </ClCompile>
    <ClCompile Include="src\hcOpenGlShaderProgramFactory.cpp">
      <Filter>Source Files\graphicResources\shaderProgram</Filter>
    </ClCompile>
    <ClCompile Include="src\hcOpenGlShaderFactory.cpp">
      <Filter>Source Files\graphicResources\shader</Filter>
    </ClCompile>
    <ClCompile Include="src\hcOpenGlTextureFactory.cpp">
      <Filter>Source Files\graphicResources\texture</Filter>
    </ClCompile>
  </ItemGroup>
  <ItemGroup>
    <Text Include="CMakeLists.txt" />
  </ItemGroup>
</Project>