<?xml version="1.0" encoding="utf-8"?>
<Project ToolsVersion="4.0" xmlns="http://schemas.microsoft.com/developer/msbuild/2003">
  <ItemGroup>
    <Filter Include="Source Files">
      <UniqueIdentifier>{4FC737F1-C7A5-4376-A066-2A32D752A2FF}</UniqueIdentifier>
      <Extensions>cpp;c;cc;cxx;c++;cppm;ixx;def;odl;idl;hpj;bat;asm;asmx</Extensions>
    </Filter>
    <Filter Include="Header Files">
      <UniqueIdentifier>{93995380-89BD-4b04-88EB-625FBE52EBFB}</UniqueIdentifier>
      <Extensions>h;hh;hpp;hxx;h++;hm;inl;inc;ipp;xsd</Extensions>
    </Filter>
    <Filter Include="Resource Files">
      <UniqueIdentifier>{67DA6AB6-F800-4c08-8B7A-83BB121AAD01}</UniqueIdentifier>
      <Extensions>rc;ico;cur;bmp;dlg;rc2;rct;bin;rgs;gif;jpg;jpeg;jpe;resx;tiff;tif;png;wav;mfcribbon-ms</Extensions>
    </Filter>
    <Filter Include="Header Files\configuration">
      <UniqueIdentifier>{4bffbca1-54e9-4343-9086-d736e513cbd6}</UniqueIdentifier>
    </Filter>
    <Filter Include="Header Files\graphics">
      <UniqueIdentifier>{28b79fb5-6794-44eb-bfe5-72eb2c3f225a}</UniqueIdentifier>
    </Filter>
    <Filter Include="Header Files\window">
      <UniqueIdentifier>{1e236cde-cb2b-4c69-a602-3a924b970546}</UniqueIdentifier>
    </Filter>
    <Filter Include="Header Files\plugin">
      <UniqueIdentifier>{127ec7ae-2682-4f88-acab-06cf781d207c}</UniqueIdentifier>
    </Filter>
    <Filter Include="Header Files\platform">
      <UniqueIdentifier>{66bfa468-1b23-4155-8d58-8cd558be8d2b}</UniqueIdentifier>
    </Filter>
    <Filter Include="Header Files\dependencyContainer">
      <UniqueIdentifier>{7c027793-2bf4-4259-b710-e0a1a9143faa}</UniqueIdentifier>
    </Filter>
    <Filter Include="Source Files\dependencyContainer">
      <UniqueIdentifier>{e19cd9ea-fcc7-42d8-9384-7c58832af58e}</UniqueIdentifier>
    </Filter>
    <Filter Include="Header Files\plugin\factories">
      <UniqueIdentifier>{37597108-ca52-476f-b324-63fded102584}</UniqueIdentifier>
    </Filter>
    <Filter Include="Source Files\plugin">
      <UniqueIdentifier>{de0925ca-42c1-42e0-b14e-cba257ada51b}</UniqueIdentifier>
    </Filter>
    <Filter Include="Source Files\plugin\fatories">
      <UniqueIdentifier>{22fd5d02-1677-493c-aec6-f7f7fa7f81da}</UniqueIdentifier>
    </Filter>
    <Filter Include="Source Files\window">
      <UniqueIdentifier>{bab97b46-08b9-4783-ba58-6bc2c12305c5}</UniqueIdentifier>
    </Filter>
    <Filter Include="Header Files\assets">
      <UniqueIdentifier>{fb6178cc-f6e5-4e58-9a9f-cda598089171}</UniqueIdentifier>
    </Filter>
    <Filter Include="Source Files\graphics">
      <UniqueIdentifier>{70878ad2-813d-4d1a-bedb-f842fa1aa85b}</UniqueIdentifier>
    </Filter>
    <Filter Include="Header Files\gameObject">
      <UniqueIdentifier>{bd229116-03e6-4eec-a2c7-909da475a41b}</UniqueIdentifier>
    </Filter>
    <Filter Include="Source Files\gameObject">
      <UniqueIdentifier>{bb30691a-47bd-40f7-8afa-a567a1a01f39}</UniqueIdentifier>
    </Filter>
    <Filter Include="Header Files\scene">
      <UniqueIdentifier>{8d030c4a-81ab-4513-83c7-02836a9f9738}</UniqueIdentifier>
    </Filter>
    <Filter Include="Header Files\scene\sceneGraph">
      <UniqueIdentifier>{0b4b8d81-02b0-4e38-8ad7-9c0343b0f7c8}</UniqueIdentifier>
    </Filter>
    <Filter Include="Source Files\scene">
      <UniqueIdentifier>{b5074dce-c67b-4a1b-b5d1-6418050e0d23}</UniqueIdentifier>
    </Filter>
    <Filter Include="Source Files\scene\sceneGraph">
      <UniqueIdentifier>{935dd6fe-ae2a-45c5-ab47-0f5ff7f2a012}</UniqueIdentifier>
    </Filter>
    <Filter Include="Source Files\assets">
      <UniqueIdentifier>{2a0e8c01-cd04-4888-99e6-5e80ff8a6c6e}</UniqueIdentifier>
    </Filter>
    <Filter Include="Header Files\assets\materials">
      <UniqueIdentifier>{c23f9574-f981-4a4e-b7ee-9270e2dc43ab}</UniqueIdentifier>
    </Filter>
    <Filter Include="Header Files\assets\loaders">
      <UniqueIdentifier>{ac609978-a258-47f4-8231-b67235910c61}</UniqueIdentifier>
    </Filter>
    <Filter Include="Source Files\assets\materials">
      <UniqueIdentifier>{741b85a1-c530-4cb6-b382-6e689aab0258}</UniqueIdentifier>
    </Filter>
    <Filter Include="Source Files\assets\loaders">
      <UniqueIdentifier>{313daf0a-b560-4433-8bb4-24edea1c5ba7}</UniqueIdentifier>
    </Filter>
    <Filter Include="Header Files\graphics\material">
      <UniqueIdentifier>{abd929a5-a437-4c84-b8db-ce2ed9c79135}</UniqueIdentifier>
    </Filter>
    <Filter Include="Source Files\graphics\material">
      <UniqueIdentifier>{80b027d1-744f-44bf-8675-dcf816586ae3}</UniqueIdentifier>
    </Filter>
    <Filter Include="Header Files\jsonSerializer">
      <UniqueIdentifier>{5b99308c-9b9c-46fb-bc97-0e56052df71a}</UniqueIdentifier>
    </Filter>
    <Filter Include="Source Files\jsonSerializer">
      <UniqueIdentifier>{fb99f85c-e8b3-4b4b-ac4f-7e1a44d6eef0}</UniqueIdentifier>
    </Filter>
    <Filter Include="Header Files\jsonSerializer\serializers">
      <UniqueIdentifier>{eb0267b1-f140-4f54-8aea-d4a2bf52f182}</UniqueIdentifier>
    </Filter>
    <Filter Include="Header Files\graphics\texture">
      <UniqueIdentifier>{5f9cf296-764d-489e-962e-26a178c19a3d}</UniqueIdentifier>
    </Filter>
    <Filter Include="Header Files\graphics\shaders">
      <UniqueIdentifier>{d06cc074-84b6-4ffc-85af-31a263b83309}</UniqueIdentifier>
    </Filter>
    <Filter Include="Source Files\graphics\shaders">
      <UniqueIdentifier>{121242e0-ce2d-4a2a-a082-6f229d97b477}</UniqueIdentifier>
    </Filter>
    <Filter Include="Header Files\graphics\shaderPrograms">
      <UniqueIdentifier>{bf1a93c1-d2e9-4b41-8d48-9387b2faad34}</UniqueIdentifier>
    </Filter>
    <Filter Include="Source Files\graphics\shaderProgram">
      <UniqueIdentifier>{48903825-8528-40f5-bde7-ae607327c0d2}</UniqueIdentifier>
    </Filter>
  </ItemGroup>
  <ItemGroup>
    <ClCompile Include="src\hcHotCoffeeEngine.cpp">
      <Filter>Source Files</Filter>
    </ClCompile>
    <ClCompile Include="src\hcCoreDepenendenciesRegister.cpp">
      <Filter>Source Files\dependencyContainer</Filter>
    </ClCompile>
    <ClCompile Include="src\hcWindowsPluginSlotFactory.cpp">
      <Filter>Source Files\plugin\fatories</Filter>
    </ClCompile>
    <ClCompile Include="src\hcWindowPluginSlot.cpp">
      <Filter>Source Files\plugin</Filter>
    </ClCompile>
    <ClCompile Include="src\hcPluginManager.cpp">
      <Filter>Source Files\plugin</Filter>
    </ClCompile>
    <ClCompile Include="src\hcPluginConnectionHelper.cpp">
      <Filter>Source Files\plugin</Filter>
    </ClCompile>
    <ClCompile Include="src\hcWindowManager.cpp">
      <Filter>Source Files\window</Filter>
    </ClCompile>
    <ClCompile Include="src\hcIGraphicsManager.cpp">
      <Filter>Source Files\graphics</Filter>
    </ClCompile>
    <ClCompile Include="src\hcGameObject.cpp">
      <Filter>Source Files\gameObject</Filter>
    </ClCompile>
    <ClCompile Include="src\hcSceneGraph.cpp">
      <Filter>Source Files\scene\sceneGraph</Filter>
    </ClCompile>
    <ClCompile Include="src\hcScene.cpp">
      <Filter>Source Files\scene</Filter>
    </ClCompile>
    <ClCompile Include="src\hcSceneManager.cpp">
      <Filter>Source Files\scene</Filter>
    </ClCompile>
    <ClCompile Include="src\hcLightType.cpp">
      <Filter>Source Files\graphics</Filter>
    </ClCompile>
    <ClCompile Include="src\hcLight.cpp">
      <Filter>Source Files\graphics</Filter>
    </ClCompile>
    <ClCompile Include="src\hcLightManager.cpp">
      <Filter>Source Files\graphics</Filter>
    </ClCompile>
    <ClCompile Include="src\hcCamera.cpp">
      <Filter>Source Files\graphics</Filter>
    </ClCompile>
    <ClCompile Include="src\hcCameraManager.cpp">
      <Filter>Source Files\graphics</Filter>
    </ClCompile>
    <ClCompile Include="src\hcAssetManager.cpp">
      <Filter>Source Files\assets</Filter>
    </ClCompile>
    <ClCompile Include="src\hcAsset.cpp">
      <Filter>Source Files\assets</Filter>
    </ClCompile>
    <ClCompile Include="src\hcImage.cpp">
      <Filter>Source Files\assets</Filter>
    </ClCompile>
    <ClCompile Include="src\hcMaterialDescriptor.cpp">
      <Filter>Source Files\assets\materials</Filter>
    </ClCompile>
    <ClCompile Include="src\hcUnlitMaterialDescriptor.cpp">
      <Filter>Source Files\assets\materials</Filter>
    </ClCompile>
    <ClCompile Include="src\hcShaderType.cpp">
      <Filter>Source Files\assets\materials</Filter>
    </ClCompile>
    <ClCompile Include="src\hcUnlitMaterial.cpp">
      <Filter>Source Files\graphics</Filter>
    </ClCompile>
    <ClCompile Include="src\hcMaterialManager.cpp">
      <Filter>Source Files\graphics\material</Filter>
    </ClCompile>
    <ClCompile Include="src\hcJsonSerializer.cpp">
      <Filter>Source Files\jsonSerializer</Filter>
    </ClCompile>
    <ClCompile Include="src\hcMaterialDescriptorJsonSerializer.cpp">
      <Filter>Source Files\jsonSerializer</Filter>
    </ClCompile>
    <ClCompile Include="src\hcAssetFileExtensions.cpp">
      <Filter>Source Files\assets</Filter>
    </ClCompile>
    <ClCompile Include="src\hcTextureManager.cpp">
      <Filter>Source Files\graphics</Filter>
    </ClCompile>
    <ClCompile Include="src\hcShaderManager.cpp">
      <Filter>Source Files\graphics\shaders</Filter>
    </ClCompile>
    <ClCompile Include="src\hcShaderStageType.cpp">
      <Filter>Source Files\graphics\shaders</Filter>
    </ClCompile>
    <ClCompile Include="src\hcShaderProgramManager.cpp">
      <Filter>Source Files\graphics\shaderProgram</Filter>
    </ClCompile>
  </ItemGroup>
  <ItemGroup>
    <ClInclude Include="include\hc\hcHotCoffeeEngine.h">
      <Filter>Header Files</Filter>
    </ClInclude>
    <ClInclude Include="include\hc\hcCoreLibraryConfiguration.h">
      <Filter>Header Files\configuration</Filter>
    </ClInclude>
    <ClInclude Include="include\hc\hcCorePrerequisites.h">
      <Filter>Header Files\configuration</Filter>
    </ClInclude>
    <ClInclude Include="include\hc\hcIDrawable.h">
      <Filter>Header Files\graphics</Filter>
    </ClInclude>
    <ClInclude Include="include\hc\hcIGraphicsManager.h">
      <Filter>Header Files\graphics</Filter>
    </ClInclude>
    <ClInclude Include="include\hc\hcIWindow.h">
      <Filter>Header Files\window</Filter>
    </ClInclude>
    <ClInclude Include="include\hc\hcIWindowFactory.h">
      <Filter>Header Files\window</Filter>
    </ClInclude>
    <ClInclude Include="include\hc\hcIPlugin.h">
      <Filter>Header Files\plugin</Filter>
    </ClInclude>
    <ClInclude Include="include\hc\hcIPluginSlot.h">
      <Filter>Header Files\plugin</Filter>
    </ClInclude>
    <ClInclude Include="include\hc\hcPluginManager.h">
      <Filter>Header Files\plugin</Filter>
    </ClInclude>
    <ClInclude Include="include\hc\hcPlatformType.h">
      <Filter>Header Files\platform</Filter>
    </ClInclude>
    <ClInclude Include="include\hc\hcCoreDependenciesRegister.h">
      <Filter>Header Files\dependencyContainer</Filter>
    </ClInclude>
    <ClInclude Include="include\hc\hcIPluginSlotFactory.h">
      <Filter>Header Files\plugin\factories</Filter>
    </ClInclude>
    <ClInclude Include="include\hc\hcWindowsPluginSlotFactory.h">
      <Filter>Header Files\plugin\factories</Filter>
    </ClInclude>
    <ClInclude Include="include\hc\hcWindowPluginSlot.h">
      <Filter>Header Files\plugin</Filter>
    </ClInclude>
    <ClInclude Include="include\hc\hcIDependencyResolvable.h">
      <Filter>Header Files\dependencyContainer</Filter>
    </ClInclude>
    <ClInclude Include="include\hc\hcPluginConnectionHelper.h">
      <Filter>Header Files\plugin</Filter>
    </ClInclude>
    <ClInclude Include="include\hc\hcWindowSettings.h">
      <Filter>Header Files\window</Filter>
    </ClInclude>
    <ClInclude Include="include\hc\hcWindowManager.h">
      <Filter>Header Files\window</Filter>
    </ClInclude>
    <ClInclude Include="include\hc\hcHotCoffeeEngineSettings.h">
      <Filter>Header Files</Filter>
    </ClInclude>
    <ClInclude Include="include\hc\hcEvent.h">
      <Filter>Header Files\window</Filter>
    </ClInclude>
    <ClInclude Include="include\hc\hcKeyboardKey.h">
      <Filter>Header Files\window</Filter>
    </ClInclude>
    <ClInclude Include="include\hc\hcMouseButtonKey.h">
      <Filter>Header Files\window</Filter>
    </ClInclude>
    <ClInclude Include="include\hc\hcPluginManagerSettings.h">
      <Filter>Header Files\plugin</Filter>
    </ClInclude>
    <ClInclude Include="include\hc\hcWindowHandle.h">
      <Filter>Header Files\window</Filter>
    </ClInclude>
    <ClInclude Include="include\hc\hcGameObject.h">
      <Filter>Header Files\gameObject</Filter>
    </ClInclude>
    <ClInclude Include="include\hc\hcSceneGraph.h">
      <Filter>Header Files\scene\sceneGraph</Filter>
    </ClInclude>
    <ClInclude Include="include\hc\hcScene.h">
      <Filter>Header Files\scene</Filter>
    </ClInclude>
    <ClInclude Include="include\hc\hcSceneManager.h">
      <Filter>Header Files\scene</Filter>
    </ClInclude>
    <ClInclude Include="include\hc\hcLight.h">
      <Filter>Header Files\graphics</Filter>
    </ClInclude>
    <ClInclude Include="include\hc\hcLightType.h">
      <Filter>Header Files\graphics</Filter>
    </ClInclude>
    <ClInclude Include="include\hc\hcLightManager.h">
      <Filter>Header Files\graphics</Filter>
    </ClInclude>
    <ClInclude Include="include\hc\hcCamera.h">
      <Filter>Header Files\graphics</Filter>
    </ClInclude>
    <ClInclude Include="include\hc\hcCameraManager.h">
      <Filter>Header Files\graphics</Filter>
    </ClInclude>
    <ClInclude Include="include\hc\hcAsset.h">
      <Filter>Header Files\assets</Filter>
    </ClInclude>
    <ClInclude Include="include\hc\hcAssetManager.h">
      <Filter>Header Files\assets</Filter>
    </ClInclude>
    <ClInclude Include="include\hc\hcAssetGroup.h">
      <Filter>Header Files\assets</Filter>
    </ClInclude>
    <ClInclude Include="include\hc\hcImage.h">
      <Filter>Header Files\assets</Filter>
    </ClInclude>
    <ClInclude Include="include\hc\hcUnlitMaterialDescriptor.h">
      <Filter>Header Files\assets\materials</Filter>
    </ClInclude>
    <ClInclude Include="include\hc\hcIImageLoader.h">
      <Filter>Header Files\assets\loaders</Filter>
    </ClInclude>
    <ClInclude Include="include\hc\hcIAssetLoader.h">
      <Filter>Header Files\assets\loaders</Filter>
    </ClInclude>
    <ClInclude Include="include\hc\hcShaderType.h">
      <Filter>Header Files\assets\materials</Filter>
    </ClInclude>
    <ClInclude Include="include\hc\hcMaterialDescriptor.h">
      <Filter>Header Files\assets\materials</Filter>
    </ClInclude>
    <ClInclude Include="include\hc\hcMaterialManager.h">
      <Filter>Header Files\graphics\material</Filter>
    </ClInclude>
    <ClInclude Include="include\hc\hcIMaterial.h">
      <Filter>Header Files\graphics\material</Filter>
    </ClInclude>
    <ClInclude Include="include\hc\hcUnlitMaterial.h">
      <Filter>Header Files\graphics\material</Filter>
    </ClInclude>
    <ClInclude Include="include\hc\hcJsonSerializer.h">
      <Filter>Header Files\jsonSerializer</Filter>
    </ClInclude>
    <ClInclude Include="include\hc\hcIJsonSerializer.h">
      <Filter>Header Files\jsonSerializer</Filter>
    </ClInclude>
    <ClInclude Include="include\hc\hcMaterialDescriptorJsonSerializer.h">
      <Filter>Header Files\jsonSerializer\serializers</Filter>
    </ClInclude>
    <ClInclude Include="include\hc\hcJsonDeserializerAssetLoader.h">
      <Filter>Header Files\assets\loaders</Filter>
    </ClInclude>
    <ClInclude Include="include\hc\hcAssetFileExtensions.h">
      <Filter>Header Files\assets</Filter>
    </ClInclude>
    <ClInclude Include="include\hc\hcMouseWheelType.h">
      <Filter>Header Files\window</Filter>
    </ClInclude>
    <ClInclude Include="include\hc\hcITexture.h">
      <Filter>Header Files\graphics\texture</Filter>
    </ClInclude>
    <ClInclude Include="include\hc\hcTextureManager.h">
      <Filter>Header Files\graphics\texture</Filter>
    </ClInclude>
    <ClInclude Include="include\hc\hcIShader.h">
      <Filter>Header Files\graphics\shaders</Filter>
    </ClInclude>
    <ClInclude Include="include\hc\hcShaderManager.h">
      <Filter>Header Files\graphics\shaders</Filter>
    </ClInclude>
    <ClInclude Include="include\hc\hcIShaderProgram.h">
      <Filter>Header Files\graphics\shaderPrograms</Filter>
    </ClInclude>
    <ClInclude Include="include\hc\hcShaderStageType.h">
      <Filter>Header Files\graphics\shaders</Filter>
    </ClInclude>
    <ClInclude Include="include\hc\hcShaderProgramManager.h">
      <Filter>Header Files\graphics\shaderPrograms</Filter>
    </ClInclude>
  </ItemGroup>
</Project>